
Microsoft Visual Studio Solution File, Format Version 12.00
# Visual Studio Version 16
VisualStudioVersion = 16.0.32929.386
MinimumVisualStudioVersion = 10.0.40219.1
Project("{FAE04EC0-301F-11D3-BF4B-00C04F79EFBC}") = "WebAPIsdt", "WebAPIsdt.csproj", "{B6E13A93-BE5E-4C0D-A5FE-8F6F84E41423}"
EndProject
Global
	GlobalSection(SolutionConfigurationPlatforms) = preSolution
		Debug|Any CPU = Debug|Any CPU
		Release|Any CPU = Release|Any CPU
	EndGlobalSection
	GlobalSection(ProjectConfigurationPlatforms) = postSolution
		{B6E13A93-BE5E-4C0D-A5FE-8F6F84E41423}.Debug|Any CPU.ActiveCfg = Debug|Any CPU
		{B6E13A93-BE5E-4C0D-A5FE-8F6F84E41423}.Debug|Any CPU.Build.0 = Debug|Any CPU
		{B6E13A93-BE5E-4C0D-A5FE-8F6F84E41423}.Release|Any CPU.ActiveCfg = Release|Any CPU
		{B6E13A93-BE5E-4C0D-A5FE-8F6F84E41423}.Release|Any CPU.Build.0 = Release|Any CPU
	EndGlobalSection
	GlobalSection(SolutionProperties) = preSolution
		HideSolutionNode = FALSE
	EndGlobalSection
	GlobalSection(ExtensibilityGlobals) = postSolution
		SolutionGuid = {686387BC-3512-40E8-A1B9-EFC13C40CE68}
	EndGlobalSection
EndGlobal
